<?xml version="1.0" encoding="utf-8"?>
<Project ToolsVersion="16.0" xmlns="http://schemas.microsoft.com/developer/msbuild/2003">
  <ItemGroup>
    <CustomBuild Include="Z:\BDL\SDK\Luminosidade_F\bmp280_aht20Disp\CMakeFiles\ab374c210ad3e706a3ccadc227351a94\cyw43_bus_pio_spi.pio.h.rule">
      <Filter>CMake Rules</Filter>
    </CustomBuild>
    <CustomBuild Include="Z:\BDL\SDK\Luminosidade_F\bmp280_aht20Disp\CMakeFiles\e33dbaf964c19724aae0ebeafd37fb08\cyw43_driver_picow_cyw43_bus_pio_spi_pio_h.rule">
      <Filter>CMake Rules</Filter>
    </CustomBuild>
    <CustomBuild Include="C:\Users\wilto\.pico-sdk\sdk\2.1.0\src\rp2_common\pico_cyw43_driver\CMakeLists.txt" />
  </ItemGroup>
  <ItemGroup>
    <None Include="Z:\BDL\SDK\Luminosidade_F\bmp280_aht20Disp\pico-sdk\src\rp2_common\pico_cyw43_driver\CMakeFiles\cyw43_driver_picow_cyw43_bus_pio_spi_pio_h" />
  </ItemGroup>
  <ItemGroup>
    <Filter Include="CMake Rules">
      <UniqueIdentifier>{7BDB4B42-C976-313B-AAD5-6314EA561CB1}</UniqueIdentifier>
    </Filter>
  </ItemGroup>
</Project>
